// !$*UTF8*$!
{
	archiveVersion = 1;
	classes = {
	};
	objectVersion = 50;
	objects = {

/* Begin PBXBuildFile section */
		62586C05210E134900B8E5F9 /* AppDelegate.swift in Sources */ = {isa = PBXBuildFile; fileRef = 62586C04210E134900B8E5F9 /* AppDelegate.swift */; };
		62586C0A210E134900B8E5F9 /* Main.storyboard in Resources */ = {isa = PBXBuildFile; fileRef = 62586C08210E134900B8E5F9 /* Main.storyboard */; };
		62586C0C210E134B00B8E5F9 /* Assets.xcassets in Resources */ = {isa = PBXBuildFile; fileRef = 62586C0B210E134B00B8E5F9 /* Assets.xcassets */; };
		62586C0F210E134B00B8E5F9 /* LaunchScreen.storyboard in Resources */ = {isa = PBXBuildFile; fileRef = 62586C0D210E134B00B8E5F9 /* LaunchScreen.storyboard */; };
		62586C17210E138100B8E5F9 /* iOSGraphicsLibs.framework in Frameworks */ = {isa = PBXBuildFile; fileRef = 62586C16210E138100B8E5F9 /* iOSGraphicsLibs.framework */; };
		62586C18210E138100B8E5F9 /* iOSGraphicsLibs.framework in Embed Frameworks */ = {isa = PBXBuildFile; fileRef = 62586C16210E138100B8E5F9 /* iOSGraphicsLibs.framework */; settings = {ATTRIBUTES = (CodeSignOnCopy, RemoveHeadersOnCopy, ); }; };
		62FABE88229654F6002672A0 /* AnimatorExample.swift in Sources */ = {isa = PBXBuildFile; fileRef = 62FABE87229654F6002672A0 /* AnimatorExample.swift */; };
		62FABE9722966170002672A0 /* Localizable.strings in Resources */ = {isa = PBXBuildFile; fileRef = 62FABE9922966170002672A0 /* Localizable.strings */; };
/* End PBXBuildFile section */

/* Begin PBXCopyFilesBuildPhase section */
		62586C19210E138100B8E5F9 /* Embed Frameworks */ = {
			isa = PBXCopyFilesBuildPhase;
			buildActionMask = 2147483647;
			dstPath = "";
			dstSubfolderSpec = 10;
			files = (
				62586C18210E138100B8E5F9 /* iOSGraphicsLibs.framework in Embed Frameworks */,
			);
			name = "Embed Frameworks";
			runOnlyForDeploymentPostprocessing = 0;
		};
/* End PBXCopyFilesBuildPhase section */

/* Begin PBXFileReference section */
		62586C01210E134900B8E5F9 /* iOSGraphicsLibsExample.app */ = {isa = PBXFileReference; explicitFileType = wrapper.application; includeInIndex = 0; path = iOSGraphicsLibsExample.app; sourceTree = BUILT_PRODUCTS_DIR; };
		62586C04210E134900B8E5F9 /* AppDelegate.swift */ = {isa = PBXFileReference; lastKnownFileType = sourcecode.swift; path = AppDelegate.swift; sourceTree = "<group>"; };
		62586C09210E134900B8E5F9 /* Base */ = {isa = PBXFileReference; lastKnownFileType = file.storyboard; name = Base; path = Base.lproj/Main.storyboard; sourceTree = "<group>"; };
		62586C0B210E134B00B8E5F9 /* Assets.xcassets */ = {isa = PBXFileReference; lastKnownFileType = folder.assetcatalog; path = Assets.xcassets; sourceTree = "<group>"; };
		62586C0E210E134B00B8E5F9 /* Base */ = {isa = PBXFileReference; lastKnownFileType = file.storyboard; name = Base; path = Base.lproj/LaunchScreen.storyboard; sourceTree = "<group>"; };
		62586C10210E134B00B8E5F9 /* Info.plist */ = {isa = PBXFileReference; lastKnownFileType = text.plist.xml; path = Info.plist; sourceTree = "<group>"; };
		62586C16210E138100B8E5F9 /* iOSGraphicsLibs.framework */ = {isa = PBXFileReference; explicitFileType = wrapper.framework; path = iOSGraphicsLibs.framework; sourceTree = BUILT_PRODUCTS_DIR; };
		62FABE87229654F6002672A0 /* AnimatorExample.swift */ = {isa = PBXFileReference; lastKnownFileType = sourcecode.swift; path = AnimatorExample.swift; sourceTree = "<group>"; };
		62FABE93229660EA002672A0 /* ja */ = {isa = PBXFileReference; lastKnownFileType = text.plist.strings; name = ja; path = ja.lproj/Main.strings; sourceTree = "<group>"; };
		62FABE94229660EA002672A0 /* ja */ = {isa = PBXFileReference; lastKnownFileType = text.plist.strings; name = ja; path = ja.lproj/LaunchScreen.strings; sourceTree = "<group>"; };
		62FABE9822966170002672A0 /* en */ = {isa = PBXFileReference; lastKnownFileType = text.plist.strings; name = en; path = en.lproj/Localizable.strings; sourceTree = "<group>"; };
		62FABE9A22966175002672A0 /* ja */ = {isa = PBXFileReference; lastKnownFileType = text.plist.strings; name = ja; path = ja.lproj/Localizable.strings; sourceTree = "<group>"; };
/* End PBXFileReference section */

/* Begin PBXFrameworksBuildPhase section */
		62586BFE210E134900B8E5F9 /* Frameworks */ = {
			isa = PBXFrameworksBuildPhase;
			buildActionMask = 2147483647;
			files = (
				62586C17210E138100B8E5F9 /* iOSGraphicsLibs.framework in Frameworks */,
			);
			runOnlyForDeploymentPostprocessing = 0;
		};
/* End PBXFrameworksBuildPhase section */

/* Begin PBXGroup section */
		62586BF8210E134900B8E5F9 = {
			isa = PBXGroup;
			children = (
				62586C16210E138100B8E5F9 /* iOSGraphicsLibs.framework */,
				62586C03210E134900B8E5F9 /* iOSGraphicsLibsExample */,
				62586C02210E134900B8E5F9 /* Products */,
			);
			sourceTree = "<group>";
		};
		62586C02210E134900B8E5F9 /* Products */ = {
			isa = PBXGroup;
			children = (
				62586C01210E134900B8E5F9 /* iOSGraphicsLibsExample.app */,
			);
			name = Products;
			sourceTree = "<group>";
		};
		62586C03210E134900B8E5F9 /* iOSGraphicsLibsExample */ = {
			isa = PBXGroup;
			children = (
				62586C04210E134900B8E5F9 /* AppDelegate.swift */,
				62FABE87229654F6002672A0 /* AnimatorExample.swift */,
				62586C08210E134900B8E5F9 /* Main.storyboard */,
				62586C0B210E134B00B8E5F9 /* Assets.xcassets */,
				62586C0D210E134B00B8E5F9 /* LaunchScreen.storyboard */,
				62586C10210E134B00B8E5F9 /* Info.plist */,
				62FABE9922966170002672A0 /* Localizable.strings */,
			);
			path = iOSGraphicsLibsExample;
			sourceTree = "<group>";
		};
/* End PBXGroup section */

/* Begin PBXNativeTarget section */
		62586C00210E134900B8E5F9 /* iOSGraphicsLibsExample */ = {
			isa = PBXNativeTarget;
			buildConfigurationList = 62586C13210E134B00B8E5F9 /* Build configuration list for PBXNativeTarget "iOSGraphicsLibsExample" */;
			buildPhases = (
				62586BFD210E134900B8E5F9 /* Sources */,
				62586BFE210E134900B8E5F9 /* Frameworks */,
				62586BFF210E134900B8E5F9 /* Resources */,
				62586C19210E138100B8E5F9 /* Embed Frameworks */,
			);
			buildRules = (
			);
			dependencies = (
			);
			name = iOSGraphicsLibsExample;
			productName = iOSGraphicsLibsExample;
			productReference = 62586C01210E134900B8E5F9 /* iOSGraphicsLibsExample.app */;
			productType = "com.apple.product-type.application";
		};
/* End PBXNativeTarget section */

/* Begin PBXProject section */
		62586BF9210E134900B8E5F9 /* Project object */ = {
			isa = PBXProject;
			attributes = {
				LastSwiftUpdateCheck = 0940;
				LastUpgradeCheck = 0940;
				ORGANIZATIONNAME = "hideyuki machida";
				TargetAttributes = {
					62586C00210E134900B8E5F9 = {
						CreatedOnToolsVersion = 9.4.1;
					};
				};
			};
			buildConfigurationList = 62586BFC210E134900B8E5F9 /* Build configuration list for PBXProject "iOSGraphicsLibsExample" */;
			compatibilityVersion = "Xcode 9.3";
			developmentRegion = en;
			hasScannedForEncodings = 0;
			knownRegions = (
				en,
				Base,
				ja,
			);
			mainGroup = 62586BF8210E134900B8E5F9;
			productRefGroup = 62586C02210E134900B8E5F9 /* Products */;
			projectDirPath = "";
			projectRoot = "";
			targets = (
				62586C00210E134900B8E5F9 /* iOSGraphicsLibsExample */,
			);
		};
/* End PBXProject section */

/* Begin PBXResourcesBuildPhase section */
		62586BFF210E134900B8E5F9 /* Resources */ = {
			isa = PBXResourcesBuildPhase;
			buildActionMask = 2147483647;
			files = (
				62586C0F210E134B00B8E5F9 /* LaunchScreen.storyboard in Resources */,
				62FABE9722966170002672A0 /* Localizable.strings in Resources */,
				62586C0C210E134B00B8E5F9 /* Assets.xcassets in Resources */,
				62586C0A210E134900B8E5F9 /* Main.storyboard in Resources */,
			);
			runOnlyForDeploymentPostprocessing = 0;
		};
/* End PBXResourcesBuildPhase section */

/* Begin PBXSourcesBuildPhase section */
		62586BFD210E134900B8E5F9 /* Sources */ = {
			isa = PBXSourcesBuildPhase;
			buildActionMask = 2147483647;
			files = (
				62586C05210E134900B8E5F9 /* AppDelegate.swift in Sources */,
				62FABE88229654F6002672A0 /* AnimatorExample.swift in Sources */,
			);
			runOnlyForDeploymentPostprocessing = 0;
		};
/* End PBXSourcesBuildPhase section */

/* Begin PBXVariantGroup section */
		62586C08210E134900B8E5F9 /* Main.storyboard */ = {
			isa = PBXVariantGroup;
			children = (
				62586C09210E134900B8E5F9 /* Base */,
				62FABE93229660EA002672A0 /* ja */,
			);
			name = Main.storyboard;
			sourceTree = "<group>";
		};
		62586C0D210E134B00B8E5F9 /* LaunchScreen.storyboard */ = {
			isa = PBXVariantGroup;
			children = (
				62586C0E210E134B00B8E5F9 /* Base */,
				62FABE94229660EA002672A0 /* ja */,
			);
			name = LaunchScreen.storyboard;
			sourceTree = "<group>";
		};
		62FABE9922966170002672A0 /* Localizable.strings */ = {
			isa = PBXVariantGroup;
			children = (
				62FABE9822966170002672A0 /* en */,
				62FABE9A22966175002672A0 /* ja */,
			);
			name = Localizable.strings;
			sourceTree = "<group>";
		};
/* End PBXVariantGroup section */

/* Begin XCBuildConfiguration section */
		62586C11210E134B00B8E5F9 /* Debug */ = {
			isa = XCBuildConfiguration;
			buildSettings = {
				ALWAYS_SEARCH_USER_PATHS = NO;
				CLANG_ANALYZER_LOCALIZABILITY_NONLOCALIZED = YES;
				CLANG_ANALYZER_NONNULL = YES;
				CLANG_ANALYZER_NUMBER_OBJECT_CONVERSION = YES_AGGRESSIVE;
				CLANG_CXX_LANGUAGE_STANDARD = "gnu++14";
				CLANG_CXX_LIBRARY = "libc++";
				CLANG_ENABLE_MODULES = YES;
				CLANG_ENABLE_OBJC_ARC = YES;
				CLANG_ENABLE_OBJC_WEAK = YES;
				CLANG_WARN_BLOCK_CAPTURE_AUTORELEASING = YES;
				CLANG_WARN_BOOL_CONVERSION = YES;
				CLANG_WARN_COMMA = YES;
				CLANG_WARN_CONSTANT_CONVERSION = YES;
				CLANG_WARN_DEPRECATED_OBJC_IMPLEMENTATIONS = YES;
				CLANG_WARN_DIRECT_OBJC_ISA_USAGE = YES_ERROR;
				CLANG_WARN_DOCUMENTATION_COMMENTS = YES;
				CLANG_WARN_EMPTY_BODY = YES;
				CLANG_WARN_ENUM_CONVERSION = YES;
				CLANG_WARN_INFINITE_RECURSION = YES;
				CLANG_WARN_INT_CONVERSION = YES;
				CLANG_WARN_NON_LITERAL_NULL_CONVERSION = YES;
				CLANG_WARN_OBJC_IMPLICIT_RETAIN_SELF = YES;
				CLANG_WARN_OBJC_LITERAL_CONVERSION = YES;
				CLANG_WARN_OBJC_ROOT_CLASS = YES_ERROR;
				CLANG_WARN_RANGE_LOOP_ANALYSIS = YES;
				CLANG_WARN_STRICT_PROTOTYPES = YES;
				CLANG_WARN_SUSPICIOUS_MOVE = YES;
				CLANG_WARN_UNGUARDED_AVAILABILITY = YES_AGGRESSIVE;
				CLANG_WARN_UNREACHABLE_CODE = YES;
				CLANG_WARN__DUPLICATE_METHOD_MATCH = YES;
				CODE_SIGN_IDENTITY = "iPhone Developer";
				COPY_PHASE_STRIP = NO;
				DEBUG_INFORMATION_FORMAT = dwarf;
				ENABLE_STRICT_OBJC_MSGSEND = YES;
				ENABLE_TESTABILITY = YES;
				GCC_C_LANGUAGE_STANDARD = gnu11;
				GCC_DYNAMIC_NO_PIC = NO;
				GCC_NO_COMMON_BLOCKS = YES;
				GCC_OPTIMIZATION_LEVEL = 0;
				GCC_PREPROCESSOR_DEFINITIONS = (
					"DEBUG=1",
					"$(inherited)",
				);
				GCC_WARN_64_TO_32_BIT_CONVERSION = YES;
				GCC_WARN_ABOUT_RETURN_TYPE = YES_ERROR;
				GCC_WARN_UNDECLARED_SELECTOR = YES;
				GCC_WARN_UNINITIALIZED_AUTOS = YES_AGGRESSIVE;
				GCC_WARN_UNUSED_FUNCTION = YES;
				GCC_WARN_UNUSED_VARIABLE = YES;
				IPHONEOS_DEPLOYMENT_TARGET = 11.4;
				MTL_ENABLE_DEBUG_INFO = YES;
				ONLY_ACTIVE_ARCH = YES;
				SDKROOT = iphoneos;
				SWIFT_ACTIVE_COMPILATION_CONDITIONS = DEBUG;
				SWIFT_OPTIMIZATION_LEVEL = "-Onone";
			};
			name = Debug;
		};
		62586C12210E134B00B8E5F9 /* Release */ = {
			isa = XCBuildConfiguration;
			buildSettings = {
				ALWAYS_SEARCH_USER_PATHS = NO;
				CLANG_ANALYZER_LOCALIZABILITY_NONLOCALIZED = YES;
				CLANG_ANALYZER_NONNULL = YES;
				CLANG_ANALYZER_NUMBER_OBJECT_CONVERSION = YES_AGGRESSIVE;
				CLANG_CXX_LANGUAGE_STANDARD = "gnu++14";
				CLANG_CXX_LIBRARY = "libc++";
				CLANG_ENABLE_MODULES = YES;
				CLANG_ENABLE_OBJC_ARC = YES;
				CLANG_ENABLE_OBJC_WEAK = YES;
				CLANG_WARN_BLOCK_CAPTURE_AUTORELEASING = YES;
				CLANG_WARN_BOOL_CONVERSION = YES;
				CLANG_WARN_COMMA = YES;
				CLANG_WARN_CONSTANT_CONVERSION = YES;
				CLANG_WARN_DEPRECATED_OBJC_IMPLEMENTATIONS = YES;
				CLANG_WARN_DIRECT_OBJC_ISA_USAGE = YES_ERROR;
				CLANG_WARN_DOCUMENTATION_COMMENTS = YES;
				CLANG_WARN_EMPTY_BODY = YES;
				CLANG_WARN_ENUM_CONVERSION = YES;
				CLANG_WARN_INFINITE_RECURSION = YES;
				CLANG_WARN_INT_CONVERSION = YES;
				CLANG_WARN_NON_LITERAL_NULL_CONVERSION = YES;
				CLANG_WARN_OBJC_IMPLICIT_RETAIN_SELF = YES;
				CLANG_WARN_OBJC_LITERAL_CONVERSION = YES;
				CLANG_WARN_OBJC_ROOT_CLASS = YES_ERROR;
				CLANG_WARN_RANGE_LOOP_ANALYSIS = YES;
				CLANG_WARN_STRICT_PROTOTYPES = YES;
				CLANG_WARN_SUSPICIOUS_MOVE = YES;
				CLANG_WARN_UNGUARDED_AVAILABILITY = YES_AGGRESSIVE;
				CLANG_WARN_UNREACHABLE_CODE = YES;
				CLANG_WARN__DUPLICATE_METHOD_MATCH = YES;
				CODE_SIGN_IDENTITY = "iPhone Developer";
				COPY_PHASE_STRIP = NO;
				DEBUG_INFORMATION_FORMAT = "dwarf-with-dsym";
				ENABLE_NS_ASSERTIONS = NO;
				ENABLE_STRICT_OBJC_MSGSEND = YES;
				GCC_C_LANGUAGE_STANDARD = gnu11;
				GCC_NO_COMMON_BLOCKS = YES;
				GCC_WARN_64_TO_32_BIT_CONVERSION = YES;
				GCC_WARN_ABOUT_RETURN_TYPE = YES_ERROR;
				GCC_WARN_UNDECLARED_SELECTOR = YES;
				GCC_WARN_UNINITIALIZED_AUTOS = YES_AGGRESSIVE;
				GCC_WARN_UNUSED_FUNCTION = YES;
				GCC_WARN_UNUSED_VARIABLE = YES;
				IPHONEOS_DEPLOYMENT_TARGET = 11.4;
				MTL_ENABLE_DEBUG_INFO = NO;
				SDKROOT = iphoneos;
				SWIFT_COMPILATION_MODE = wholemodule;
				SWIFT_OPTIMIZATION_LEVEL = "-O";
				VALIDATE_PRODUCT = YES;
			};
			name = Release;
		};
		62586C14210E134B00B8E5F9 /* Debug */ = {
			isa = XCBuildConfiguration;
			buildSettings = {
				ASSETCATALOG_COMPILER_APPICON_NAME = AppIcon;
				CODE_SIGN_STYLE = Automatic;
				DEVELOPMENT_TEAM = UETCN89GVG;
				INFOPLIST_FILE = iOSGraphicsLibsExample/Info.plist;
				IPHONEOS_DEPLOYMENT_TARGET = 10.0;
				LD_RUNPATH_SEARCH_PATHS = (
					"$(inherited)",
					"@executable_path/Frameworks",
				);
				PRODUCT_BUNDLE_IDENTIFIER = hideyuki.machida.iOSGraphicsLibsExample;
				PRODUCT_NAME = "$(TARGET_NAME)";
				SWIFT_VERSION = 4.0;
				TARGETED_DEVICE_FAMILY = "1,2";
			};
			name = Debug;
		};
		62586C15210E134B00B8E5F9 /* Release */ = {
			isa = XCBuildConfiguration;
			buildSettings = {
				ASSETCATALOG_COMPILER_APPICON_NAME = AppIcon;
				CODE_SIGN_STYLE = Automatic;
				DEVELOPMENT_TEAM = UETCN89GVG;
				INFOPLIST_FILE = iOSGraphicsLibsExample/Info.plist;
				IPHONEOS_DEPLOYMENT_TARGET = 10.0;
				LD_RUNPATH_SEARCH_PATHS = (
					"$(inherited)",
					"@executable_path/Frameworks",
				);
				PRODUCT_BUNDLE_IDENTIFIER = hideyuki.machida.iOSGraphicsLibsExample;
				PRODUCT_NAME = "$(TARGET_NAME)";
				SWIFT_VERSION = 4.0;
				TARGETED_DEVICE_FAMILY = "1,2";
			};
			name = Release;
		};
/* End XCBuildConfiguration section */

/* Begin XCConfigurationList section */
		62586BFC210E134900B8E5F9 /* Build configuration list for PBXProject "iOSGraphicsLibsExample" */ = {
			isa = XCConfigurationList;
			buildConfigurations = (
				62586C11210E134B00B8E5F9 /* Debug */,
				62586C12210E134B00B8E5F9 /* Release */,
			);
			defaultConfigurationIsVisible = 0;
			defaultConfigurationName = Release;
		};
		62586C13210E134B00B8E5F9 /* Build configuration list for PBXNativeTarget "iOSGraphicsLibsExample" */ = {
			isa = XCConfigurationList;
			buildConfigurations = (
				62586C14210E134B00B8E5F9 /* Debug */,
				62586C15210E134B00B8E5F9 /* Release */,
			);
			defaultConfigurationIsVisible = 0;
			defaultConfigurationName = Release;
		};
/* End XCConfigurationList section */
	};
	rootObject = 62586BF9210E134900B8E5F9 /* Project object */;
}
